
Microsoft Visual Studio Solution File, Format Version 12.00
# Visual Studio Version 16
VisualStudioVersion = 16.0.30611.23
MinimumVisualStudioVersion = 10.0.40219.1
Project("{FAE04EC0-301F-11D3-BF4B-00C04F79EFBC}") = "Zadaci za kraj polugodišta- 6. Zadatak", "Zadaci za kraj polugodišta- 6. Zadatak\Zadaci za kraj polugodišta- 6. Zadatak.csproj", "{E3F63B5E-66E5-497A-B01E-CF193506BB7C}"
EndProject
Global
	GlobalSection(SolutionConfigurationPlatforms) = preSolution
		Debug|Any CPU = Debug|Any CPU
		Release|Any CPU = Release|Any CPU
	EndGlobalSection
	GlobalSection(ProjectConfigurationPlatforms) = postSolution
		{E3F63B5E-66E5-497A-B01E-CF193506BB7C}.Debug|Any CPU.ActiveCfg = Debug|Any CPU
		{E3F63B5E-66E5-497A-B01E-CF193506BB7C}.Debug|Any CPU.Build.0 = Debug|Any CPU
		{E3F63B5E-66E5-497A-B01E-CF193506BB7C}.Release|Any CPU.ActiveCfg = Release|Any CPU
		{E3F63B5E-66E5-497A-B01E-CF193506BB7C}.Release|Any CPU.Build.0 = Release|Any CPU
	EndGlobalSection
	GlobalSection(SolutionProperties) = preSolution
		HideSolutionNode = FALSE
	EndGlobalSection
	GlobalSection(ExtensibilityGlobals) = postSolution
		SolutionGuid = {34DFE901-67A2-4A19-B514-D8B697CA553F}
	EndGlobalSection
EndGlobal
